
Microsoft Visual Studio Solution File, Format Version 12.00
# Visual Studio Version 16
VisualStudioVersion = 16.0.30011.22
MinimumVisualStudioVersion = 10.0.40219.1
Project("{9A19103F-16F7-4668-BE54-9A1E7A4F7556}") = "rabbitmq-message", "rabbitmq-message\rabbitmq-message.csproj", "{8D3A5B2D-0F57-41E0-B3D6-41D0A8BAB0FE}"
EndProject
Project("{FAE04EC0-301F-11D3-BF4B-00C04F79EFBC}") = "rabbitmq-saga", "rabbitmq-saga\rabbitmq-saga.csproj", "{AF5D5137-D386-40BB-B548-7885B8D85294}"
EndProject
Project("{FAE04EC0-301F-11D3-BF4B-00C04F79EFBC}") = "saga-machine", "saga-machine\saga-machine.csproj", "{BAF51295-CEC0-4E0D-BA7B-457509178809}"
EndProject
Global
	GlobalSection(SolutionConfigurationPlatforms) = preSolution
		Debug|Any CPU = Debug|Any CPU
		Release|Any CPU = Release|Any CPU
	EndGlobalSection
	GlobalSection(ProjectConfigurationPlatforms) = postSolution
		{8D3A5B2D-0F57-41E0-B3D6-41D0A8BAB0FE}.Debug|Any CPU.ActiveCfg = Debug|Any CPU
		{8D3A5B2D-0F57-41E0-B3D6-41D0A8BAB0FE}.Debug|Any CPU.Build.0 = Debug|Any CPU
		{8D3A5B2D-0F57-41E0-B3D6-41D0A8BAB0FE}.Release|Any CPU.ActiveCfg = Release|Any CPU
		{8D3A5B2D-0F57-41E0-B3D6-41D0A8BAB0FE}.Release|Any CPU.Build.0 = Release|Any CPU
		{AF5D5137-D386-40BB-B548-7885B8D85294}.Debug|Any CPU.ActiveCfg = Debug|Any CPU
		{AF5D5137-D386-40BB-B548-7885B8D85294}.Debug|Any CPU.Build.0 = Debug|Any CPU
		{AF5D5137-D386-40BB-B548-7885B8D85294}.Release|Any CPU.ActiveCfg = Release|Any CPU
		{AF5D5137-D386-40BB-B548-7885B8D85294}.Release|Any CPU.Build.0 = Release|Any CPU
		{BAF51295-CEC0-4E0D-BA7B-457509178809}.Debug|Any CPU.ActiveCfg = Debug|Any CPU
		{BAF51295-CEC0-4E0D-BA7B-457509178809}.Debug|Any CPU.Build.0 = Debug|Any CPU
		{BAF51295-CEC0-4E0D-BA7B-457509178809}.Release|Any CPU.ActiveCfg = Release|Any CPU
		{BAF51295-CEC0-4E0D-BA7B-457509178809}.Release|Any CPU.Build.0 = Release|Any CPU
	EndGlobalSection
	GlobalSection(SolutionProperties) = preSolution
		HideSolutionNode = FALSE
	EndGlobalSection
	GlobalSection(ExtensibilityGlobals) = postSolution
		SolutionGuid = {D56A33CA-D0F3-45C2-A3AA-C22EA506B60A}
	EndGlobalSection
EndGlobal
